// !$*UTF8*$!
{
	archiveVersion = 1;
	classes = {
	};
	objectVersion = 50;
	objects = {

/* Begin PBXBuildFile section */
		F1728C8B2545BDD90038F577 /* AppDelegate.swift in Sources */ = {isa = PBXBuildFile; fileRef = F1728C8A2545BDD90038F577 /* AppDelegate.swift */; };
		F1728C8D2545BDD90038F577 /* SceneDelegate.swift in Sources */ = {isa = PBXBuildFile; fileRef = F1728C8C2545BDD90038F577 /* SceneDelegate.swift */; };
		F1728C8F2545BDD90038F577 /* ViewController.swift in Sources */ = {isa = PBXBuildFile; fileRef = F1728C8E2545BDD90038F577 /* ViewController.swift */; };
		F1728C942545BDDB0038F577 /* Assets.xcassets in Resources */ = {isa = PBXBuildFile; fileRef = F1728C932545BDDB0038F577 /* Assets.xcassets */; };
		F1728C972545BDDB0038F577 /* LaunchScreen.storyboard in Resources */ = {isa = PBXBuildFile; fileRef = F1728C952545BDDB0038F577 /* LaunchScreen.storyboard */; };
		F1728CA12545C6A80038F577 /* QuizBrain.swift in Sources */ = {isa = PBXBuildFile; fileRef = F1728CA02545C6A80038F577 /* QuizBrain.swift */; };
		F1728CA42545C6B60038F577 /* Question.swift in Sources */ = {isa = PBXBuildFile; fileRef = F1728CA32545C6B60038F577 /* Question.swift */; };
		F1728CA72545C7500038F577 /* Main.storyboard in Resources */ = {isa = PBXBuildFile; fileRef = F1728CA62545C7500038F577 /* Main.storyboard */; };
		F1728CB02545DBD00038F577 /* README.md in Resources */ = {isa = PBXBuildFile; fileRef = F1728CAF2545DBD00038F577 /* README.md */; };
/* End PBXBuildFile section */

/* Begin PBXFileReference section */
		F1728C872545BDD90038F577 /* Quizzer.app */ = {isa = PBXFileReference; explicitFileType = wrapper.application; includeInIndex = 0; path = Quizzer.app; sourceTree = BUILT_PRODUCTS_DIR; };
		F1728C8A2545BDD90038F577 /* AppDelegate.swift */ = {isa = PBXFileReference; lastKnownFileType = sourcecode.swift; path = AppDelegate.swift; sourceTree = "<group>"; };
		F1728C8C2545BDD90038F577 /* SceneDelegate.swift */ = {isa = PBXFileReference; lastKnownFileType = sourcecode.swift; path = SceneDelegate.swift; sourceTree = "<group>"; };
		F1728C8E2545BDD90038F577 /* ViewController.swift */ = {isa = PBXFileReference; lastKnownFileType = sourcecode.swift; path = ViewController.swift; sourceTree = "<group>"; };
		F1728C932545BDDB0038F577 /* Assets.xcassets */ = {isa = PBXFileReference; lastKnownFileType = folder.assetcatalog; path = Assets.xcassets; sourceTree = "<group>"; };
		F1728C962545BDDB0038F577 /* Base */ = {isa = PBXFileReference; lastKnownFileType = file.storyboard; name = Base; path = Base.lproj/LaunchScreen.storyboard; sourceTree = "<group>"; };
		F1728C982545BDDB0038F577 /* Info.plist */ = {isa = PBXFileReference; lastKnownFileType = text.plist.xml; path = Info.plist; sourceTree = "<group>"; };
		F1728CA02545C6A80038F577 /* QuizBrain.swift */ = {isa = PBXFileReference; fileEncoding = 4; lastKnownFileType = sourcecode.swift; path = QuizBrain.swift; sourceTree = "<group>"; };
		F1728CA32545C6B60038F577 /* Question.swift */ = {isa = PBXFileReference; fileEncoding = 4; lastKnownFileType = sourcecode.swift; path = Question.swift; sourceTree = "<group>"; };
		F1728CA62545C7500038F577 /* Main.storyboard */ = {isa = PBXFileReference; fileEncoding = 4; lastKnownFileType = file.storyboard; path = Main.storyboard; sourceTree = "<group>"; };
		F1728CAF2545DBD00038F577 /* README.md */ = {isa = PBXFileReference; fileEncoding = 4; lastKnownFileType = net.daringfireball.markdown; path = README.md; sourceTree = "<group>"; };
/* End PBXFileReference section */

/* Begin PBXFrameworksBuildPhase section */
		F1728C842545BDD90038F577 /* Frameworks */ = {
			isa = PBXFrameworksBuildPhase;
			buildActionMask = 2147483647;
			files = (
			);
			runOnlyForDeploymentPostprocessing = 0;
		};
/* End PBXFrameworksBuildPhase section */

/* Begin PBXGroup section */
		F1728C7E2545BDD90038F577 = {
			isa = PBXGroup;
			children = (
				F1728CAF2545DBD00038F577 /* README.md */,
				F1728C892545BDD90038F577 /* Quizzer */,
				F1728C882545BDD90038F577 /* Products */,
			);
			sourceTree = "<group>";
		};
		F1728C882545BDD90038F577 /* Products */ = {
			isa = PBXGroup;
			children = (
				F1728C872545BDD90038F577 /* Quizzer.app */,
			);
			name = Products;
			sourceTree = "<group>";
		};
		F1728C892545BDD90038F577 /* Quizzer */ = {
			isa = PBXGroup;
			children = (
				F1728CAC2545C7970038F577 /* Model */,
				F1728CAA2545C7770038F577 /* View */,
				F1728C8A2545BDD90038F577 /* AppDelegate.swift */,
				F1728C8C2545BDD90038F577 /* SceneDelegate.swift */,
				F1728CAB2545C7850038F577 /* Controller */,
				F1728C932545BDDB0038F577 /* Assets.xcassets */,
				F1728C952545BDDB0038F577 /* LaunchScreen.storyboard */,
				F1728C982545BDDB0038F577 /* Info.plist */,
			);
			path = Quizzer;
			sourceTree = "<group>";
		};
		F1728CAA2545C7770038F577 /* View */ = {
			isa = PBXGroup;
			children = (
				F1728CA62545C7500038F577 /* Main.storyboard */,
			);
			path = View;
			sourceTree = "<group>";
		};
		F1728CAB2545C7850038F577 /* Controller */ = {
			isa = PBXGroup;
			children = (
				F1728C8E2545BDD90038F577 /* ViewController.swift */,
			);
			path = Controller;
			sourceTree = "<group>";
		};
		F1728CAC2545C7970038F577 /* Model */ = {
			isa = PBXGroup;
			children = (
				F1728CA32545C6B60038F577 /* Question.swift */,
				F1728CA02545C6A80038F577 /* QuizBrain.swift */,
			);
			path = Model;
			sourceTree = "<group>";
		};
/* End PBXGroup section */

/* Begin PBXNativeTarget section */
		F1728C862545BDD90038F577 /* Quizzer */ = {
			isa = PBXNativeTarget;
			buildConfigurationList = F1728C9B2545BDDB0038F577 /* Build configuration list for PBXNativeTarget "Quizzer" */;
			buildPhases = (
				F1728C832545BDD90038F577 /* Sources */,
				F1728C842545BDD90038F577 /* Frameworks */,
				F1728C852545BDD90038F577 /* Resources */,
			);
			buildRules = (
			);
			dependencies = (
			);
			name = Quizzer;
			productName = Quizzer;
			productReference = F1728C872545BDD90038F577 /* Quizzer.app */;
			productType = "com.apple.product-type.application";
		};
/* End PBXNativeTarget section */

/* Begin PBXProject section */
		F1728C7F2545BDD90038F577 /* Project object */ = {
			isa = PBXProject;
			attributes = {
				LastSwiftUpdateCheck = 1210;
				LastUpgradeCheck = 1210;
				TargetAttributes = {
					F1728C862545BDD90038F577 = {
						CreatedOnToolsVersion = 12.1;
					};
				};
			};
			buildConfigurationList = F1728C822545BDD90038F577 /* Build configuration list for PBXProject "Quizzer" */;
			compatibilityVersion = "Xcode 9.3";
			developmentRegion = en;
			hasScannedForEncodings = 0;
			knownRegions = (
				en,
				Base,
			);
			mainGroup = F1728C7E2545BDD90038F577;
			productRefGroup = F1728C882545BDD90038F577 /* Products */;
			projectDirPath = "";
			projectRoot = "";
			targets = (
				F1728C862545BDD90038F577 /* Quizzer */,
			);
		};
/* End PBXProject section */

/* Begin PBXResourcesBuildPhase section */
		F1728C852545BDD90038F577 /* Resources */ = {
			isa = PBXResourcesBuildPhase;
			buildActionMask = 2147483647;
			files = (
				F1728C972545BDDB0038F577 /* LaunchScreen.storyboard in Resources */,
				F1728C942545BDDB0038F577 /* Assets.xcassets in Resources */,
				F1728CB02545DBD00038F577 /* README.md in Resources */,
				F1728CA72545C7500038F577 /* Main.storyboard in Resources */,
			);
			runOnlyForDeploymentPostprocessing = 0;
		};
/* End PBXResourcesBuildPhase section */

/* Begin PBXSourcesBuildPhase section */
		F1728C832545BDD90038F577 /* Sources */ = {
			isa = PBXSourcesBuildPhase;
			buildActionMask = 2147483647;
			files = (
				F1728CA42545C6B60038F577 /* Question.swift in Sources */,
				F1728C8F2545BDD90038F577 /* ViewController.swift in Sources */,
				F1728C8B2545BDD90038F577 /* AppDelegate.swift in Sources */,
				F1728C8D2545BDD90038F577 /* SceneDelegate.swift in Sources */,
				F1728CA12545C6A80038F577 /* QuizBrain.swift in Sources */,
			);
			runOnlyForDeploymentPostprocessing = 0;
		};
/* End PBXSourcesBuildPhase section */

/* Begin PBXVariantGroup section */
		F1728C952545BDDB0038F577 /* LaunchScreen.storyboard */ = {
			isa = PBXVariantGroup;
			children = (
				F1728C962545BDDB0038F577 /* Base */,
			);
			name = LaunchScreen.storyboard;
			sourceTree = "<group>";
		};
/* End PBXVariantGroup section */

/* Begin XCBuildConfiguration section */
		F1728C992545BDDB0038F577 /* Debug */ = {
			isa = XCBuildConfiguration;
			buildSettings = {
				ALWAYS_SEARCH_USER_PATHS = NO;
				CLANG_ANALYZER_NONNULL = YES;
				CLANG_ANALYZER_NUMBER_OBJECT_CONVERSION = YES_AGGRESSIVE;
				CLANG_CXX_LANGUAGE_STANDARD = "gnu++14";
				CLANG_CXX_LIBRARY = "libc++";
				CLANG_ENABLE_MODULES = YES;
				CLANG_ENABLE_OBJC_ARC = YES;
				CLANG_ENABLE_OBJC_WEAK = YES;
				CLANG_WARN_BLOCK_CAPTURE_AUTORELEASING = YES;
				CLANG_WARN_BOOL_CONVERSION = YES;
				CLANG_WARN_COMMA = YES;
				CLANG_WARN_CONSTANT_CONVERSION = YES;
				CLANG_WARN_DEPRECATED_OBJC_IMPLEMENTATIONS = YES;
				CLANG_WARN_DIRECT_OBJC_ISA_USAGE = YES_ERROR;
				CLANG_WARN_DOCUMENTATION_COMMENTS = YES;
				CLANG_WARN_EMPTY_BODY = YES;
				CLANG_WARN_ENUM_CONVERSION = YES;
				CLANG_WARN_INFINITE_RECURSION = YES;
				CLANG_WARN_INT_CONVERSION = YES;
				CLANG_WARN_NON_LITERAL_NULL_CONVERSION = YES;
				CLANG_WARN_OBJC_IMPLICIT_RETAIN_SELF = YES;
				CLANG_WARN_OBJC_LITERAL_CONVERSION = YES;
				CLANG_WARN_OBJC_ROOT_CLASS = YES_ERROR;
				CLANG_WARN_QUOTED_INCLUDE_IN_FRAMEWORK_HEADER = YES;
				CLANG_WARN_RANGE_LOOP_ANALYSIS = YES;
				CLANG_WARN_STRICT_PROTOTYPES = YES;
				CLANG_WARN_SUSPICIOUS_MOVE = YES;
				CLANG_WARN_UNGUARDED_AVAILABILITY = YES_AGGRESSIVE;
				CLANG_WARN_UNREACHABLE_CODE = YES;
				CLANG_WARN__DUPLICATE_METHOD_MATCH = YES;
				COPY_PHASE_STRIP = NO;
				DEBUG_INFORMATION_FORMAT = dwarf;
				ENABLE_STRICT_OBJC_MSGSEND = YES;
				ENABLE_TESTABILITY = YES;
				GCC_C_LANGUAGE_STANDARD = gnu11;
				GCC_DYNAMIC_NO_PIC = NO;
				GCC_NO_COMMON_BLOCKS = YES;
				GCC_OPTIMIZATION_LEVEL = 0;
				GCC_PREPROCESSOR_DEFINITIONS = (
					"DEBUG=1",
					"$(inherited)",
				);
				GCC_WARN_64_TO_32_BIT_CONVERSION = YES;
				GCC_WARN_ABOUT_RETURN_TYPE = YES_ERROR;
				GCC_WARN_UNDECLARED_SELECTOR = YES;
				GCC_WARN_UNINITIALIZED_AUTOS = YES_AGGRESSIVE;
				GCC_WARN_UNUSED_FUNCTION = YES;
				GCC_WARN_UNUSED_VARIABLE = YES;
				IPHONEOS_DEPLOYMENT_TARGET = 14.1;
				MTL_ENABLE_DEBUG_INFO = INCLUDE_SOURCE;
				MTL_FAST_MATH = YES;
				ONLY_ACTIVE_ARCH = YES;
				SDKROOT = iphoneos;
				SWIFT_ACTIVE_COMPILATION_CONDITIONS = DEBUG;
				SWIFT_OPTIMIZATION_LEVEL = "-Onone";
			};
			name = Debug;
		};
		F1728C9A2545BDDB0038F577 /* Release */ = {
			isa = XCBuildConfiguration;
			buildSettings = {
				ALWAYS_SEARCH_USER_PATHS = NO;
				CLANG_ANALYZER_NONNULL = YES;
				CLANG_ANALYZER_NUMBER_OBJECT_CONVERSION = YES_AGGRESSIVE;
				CLANG_CXX_LANGUAGE_STANDARD = "gnu++14";
				CLANG_CXX_LIBRARY = "libc++";
				CLANG_ENABLE_MODULES = YES;
				CLANG_ENABLE_OBJC_ARC = YES;
				CLANG_ENABLE_OBJC_WEAK = YES;
				CLANG_WARN_BLOCK_CAPTURE_AUTORELEASING = YES;
				CLANG_WARN_BOOL_CONVERSION = YES;
				CLANG_WARN_COMMA = YES;
				CLANG_WARN_CONSTANT_CONVERSION = YES;
				CLANG_WARN_DEPRECATED_OBJC_IMPLEMENTATIONS = YES;
				CLANG_WARN_DIRECT_OBJC_ISA_USAGE = YES_ERROR;
				CLANG_WARN_DOCUMENTATION_COMMENTS = YES;
				CLANG_WARN_EMPTY_BODY = YES;
				CLANG_WARN_ENUM_CONVERSION = YES;
				CLANG_WARN_INFINITE_RECURSION = YES;
				CLANG_WARN_INT_CONVERSION = YES;
				CLANG_WARN_NON_LITERAL_NULL_CONVERSION = YES;
				CLANG_WARN_OBJC_IMPLICIT_RETAIN_SELF = YES;
				CLANG_WARN_OBJC_LITERAL_CONVERSION = YES;
				CLANG_WARN_OBJC_ROOT_CLASS = YES_ERROR;
				CLANG_WARN_QUOTED_INCLUDE_IN_FRAMEWORK_HEADER = YES;
				CLANG_WARN_RANGE_LOOP_ANALYSIS = YES;
				CLANG_WARN_STRICT_PROTOTYPES = YES;
				CLANG_WARN_SUSPICIOUS_MOVE = YES;
				CLANG_WARN_UNGUARDED_AVAILABILITY = YES_AGGRESSIVE;
				CLANG_WARN_UNREACHABLE_CODE = YES;
				CLANG_WARN__DUPLICATE_METHOD_MATCH = YES;
				COPY_PHASE_STRIP = NO;
				DEBUG_INFORMATION_FORMAT = "dwarf-with-dsym";
				ENABLE_NS_ASSERTIONS = NO;
				ENABLE_STRICT_OBJC_MSGSEND = YES;
				GCC_C_LANGUAGE_STANDARD = gnu11;
				GCC_NO_COMMON_BLOCKS = YES;
				GCC_WARN_64_TO_32_BIT_CONVERSION = YES;
				GCC_WARN_ABOUT_RETURN_TYPE = YES_ERROR;
				GCC_WARN_UNDECLARED_SELECTOR = YES;
				GCC_WARN_UNINITIALIZED_AUTOS = YES_AGGRESSIVE;
				GCC_WARN_UNUSED_FUNCTION = YES;
				GCC_WARN_UNUSED_VARIABLE = YES;
				IPHONEOS_DEPLOYMENT_TARGET = 14.1;
				MTL_ENABLE_DEBUG_INFO = NO;
				MTL_FAST_MATH = YES;
				SDKROOT = iphoneos;
				SWIFT_COMPILATION_MODE = wholemodule;
				SWIFT_OPTIMIZATION_LEVEL = "-O";
				VALIDATE_PRODUCT = YES;
			};
			name = Release;
		};
		F1728C9C2545BDDB0038F577 /* Debug */ = {
			isa = XCBuildConfiguration;
			buildSettings = {
				ASSETCATALOG_COMPILER_APPICON_NAME = AppIcon;
				ASSETCATALOG_COMPILER_GLOBAL_ACCENT_COLOR_NAME = AccentColor;
				CODE_SIGN_STYLE = Automatic;
				DEVELOPMENT_TEAM = 4PQKX97SLV;
				INFOPLIST_FILE = Quizzer/Info.plist;
				LD_RUNPATH_SEARCH_PATHS = (
					"$(inherited)",
					"@executable_path/Frameworks",
				);
				PRODUCT_BUNDLE_IDENTIFIER = com.cemalvidoh.Quizzer;
				PRODUCT_NAME = "$(TARGET_NAME)";
				SWIFT_VERSION = 5.0;
				TARGETED_DEVICE_FAMILY = "1,2";
			};
			name = Debug;
		};
		F1728C9D2545BDDB0038F577 /* Release */ = {
			isa = XCBuildConfiguration;
			buildSettings = {
				ASSETCATALOG_COMPILER_APPICON_NAME = AppIcon;
				ASSETCATALOG_COMPILER_GLOBAL_ACCENT_COLOR_NAME = AccentColor;
				CODE_SIGN_STYLE = Automatic;
				DEVELOPMENT_TEAM = 4PQKX97SLV;
				INFOPLIST_FILE = Quizzer/Info.plist;
				LD_RUNPATH_SEARCH_PATHS = (
					"$(inherited)",
					"@executable_path/Frameworks",
				);
				PRODUCT_BUNDLE_IDENTIFIER = com.cemalvidoh.Quizzer;
				PRODUCT_NAME = "$(TARGET_NAME)";
				SWIFT_VERSION = 5.0;
				TARGETED_DEVICE_FAMILY = "1,2";
			};
			name = Release;
		};
/* End XCBuildConfiguration section */

/* Begin XCConfigurationList section */
		F1728C822545BDD90038F577 /* Build configuration list for PBXProject "Quizzer" */ = {
			isa = XCConfigurationList;
			buildConfigurations = (
				F1728C992545BDDB0038F577 /* Debug */,
				F1728C9A2545BDDB0038F577 /* Release */,
			);
			defaultConfigurationIsVisible = 0;
			defaultConfigurationName = Release;
		};
		F1728C9B2545BDDB0038F577 /* Build configuration list for PBXNativeTarget "Quizzer" */ = {
			isa = XCConfigurationList;
			buildConfigurations = (
				F1728C9C2545BDDB0038F577 /* Debug */,
				F1728C9D2545BDDB0038F577 /* Release */,
			);
			defaultConfigurationIsVisible = 0;
			defaultConfigurationName = Release;
		};
/* End XCConfigurationList section */
	};
	rootObject = F1728C7F2545BDD90038F577 /* Project object */;
}
